PODS:
  - Flutter (1.0.0)
  - flutter_beep (0.0.1):
    - Flutter
  - flutter_icmp_ping (0.0.1):
    - Flutter
  - shared_preferences_foundation (0.0.1):
    - Flutter
    - FlutterMacOS

DEPENDENCIES:
  - Flutter (from `Flutter`)
  - flutter_beep (from `.symlinks/plugins/flutter_beep/ios`)
  - flutter_icmp_ping (from `.symlinks/plugins/flutter_icmp_ping/ios`)
  - shared_preferences_foundation (from `.symlinks/plugins/shared_preferences_foundation/darwin`)

EXTERNAL SOURCES:
  Flutter:
    :path: Flutter
  flutter_beep:
    :path: ".symlinks/plugins/flutter_beep/ios"
  flutter_icmp_ping:
    :path: ".symlinks/plugins/flutter_icmp_ping/ios"
  shared_preferences_foundation:
    :path: ".symlinks/plugins/shared_preferences_foundation/darwin"

SPEC CHECKSUMS:
  Flutter: f04841e97a9d0b0a8025694d0796dd46242b2854
  flutter_beep: 54fb393b22dfa0f0e4573c81b1c74dd71c4e5af8
  flutter_icmp_ping: 2b159955eee0c487c766ad83fec224ae35e7c935
  shared_preferences_foundation: 5b919d13b803cadd15ed2dc053125c68730e5126

PODFILE CHECKSUM: ef19549a9bc3046e7bb7d2fab4d021637c0c58a3

COCOAPODS: 1.11.3
